
Microsoft Visual Studio Solution File, Format Version 12.00
Project("{FAE04EC0-301F-11D3-BF4B-00C04F79EFBC}") = "TEMPLATE", "src\TEMPLATE\TEMPLATE.csproj", "{64B26DED-68C3-47FF-B409-1C8FAD4F9176}"
EndProject
Project("{FAE04EC0-301F-11D3-BF4B-00C04F79EFBC}") = "Tests.TEMPLATE", "tests\Tests.TEMPLATE\Tests.TEMPLATE.csproj", "{26284571-0E09-4BAF-8C2B-DF87DCC1BA0B}"
EndProject
Project("{2150E333-8FDC-42A3-9474-1A3956D46DE8}") = "src", "src", "{197E72AD-DEAB-4350-AFC3-A3BB38720BF5}"
EndProject
Project("{2150E333-8FDC-42A3-9474-1A3956D46DE8}") = "tests", "tests", "{8DD280D4-1E14-4D5E-AFE6-58DD8F079DCC}"
EndProject
Project("{2150E333-8FDC-42A3-9474-1A3956D46DE8}") = "tools", "tools", "{AF1A203C-6EF1-440E-BB3C-55B1DBFE9C19}"
EndProject
Project("{FAE04EC0-301F-11D3-BF4B-00C04F79EFBC}") = "Tools.TEMPLATE", "src\Tools.TEMPLATE\Tools.TEMPLATE.csproj", "{ADEADD97-0AFA-4D9E-970B-9FFB932949B3}"
EndProject
Global
	GlobalSection(SolutionConfigurationPlatforms) = preSolution
		Debug|Any CPU = Debug|Any CPU
		Release|Any CPU = Release|Any CPU
	EndGlobalSection
	GlobalSection(ProjectConfigurationPlatforms) = postSolution
		{64B26DED-68C3-47FF-B409-1C8FAD4F9176}.Debug|Any CPU.ActiveCfg = Debug|Any CPU
		{64B26DED-68C3-47FF-B409-1C8FAD4F9176}.Debug|Any CPU.Build.0 = Debug|Any CPU
		{64B26DED-68C3-47FF-B409-1C8FAD4F9176}.Release|Any CPU.ActiveCfg = Release|Any CPU
		{64B26DED-68C3-47FF-B409-1C8FAD4F9176}.Release|Any CPU.Build.0 = Release|Any CPU
		{26284571-0E09-4BAF-8C2B-DF87DCC1BA0B}.Debug|Any CPU.ActiveCfg = Debug|Any CPU
		{26284571-0E09-4BAF-8C2B-DF87DCC1BA0B}.Debug|Any CPU.Build.0 = Debug|Any CPU
		{26284571-0E09-4BAF-8C2B-DF87DCC1BA0B}.Release|Any CPU.ActiveCfg = Release|Any CPU
		{26284571-0E09-4BAF-8C2B-DF87DCC1BA0B}.Release|Any CPU.Build.0 = Release|Any CPU
		{ADEADD97-0AFA-4D9E-970B-9FFB932949B3}.Debug|Any CPU.ActiveCfg = Debug|Any CPU
		{ADEADD97-0AFA-4D9E-970B-9FFB932949B3}.Debug|Any CPU.Build.0 = Debug|Any CPU
		{ADEADD97-0AFA-4D9E-970B-9FFB932949B3}.Release|Any CPU.ActiveCfg = Release|Any CPU
		{ADEADD97-0AFA-4D9E-970B-9FFB932949B3}.Release|Any CPU.Build.0 = Release|Any CPU
	EndGlobalSection
	GlobalSection(NestedProjects) = preSolution
		{26284571-0E09-4BAF-8C2B-DF87DCC1BA0B} = {8DD280D4-1E14-4D5E-AFE6-58DD8F079DCC}
		{64B26DED-68C3-47FF-B409-1C8FAD4F9176} = {197E72AD-DEAB-4350-AFC3-A3BB38720BF5}
		{ADEADD97-0AFA-4D9E-970B-9FFB932949B3} = {AF1A203C-6EF1-440E-BB3C-55B1DBFE9C19}
	EndGlobalSection
EndGlobal
